
Microsoft Visual Studio Solution File, Format Version 12.00
# Visual Studio Version 17
VisualStudioVersion = 17.11.35327.3
MinimumVisualStudioVersion = 10.0.40219.1
Project("{FAE04EC0-301F-11D3-BF4B-00C04F79EFBC}") = "GymWebapp", "GymWebapp\GymWebapp.csproj", "{515BC9FA-3394-4083-9CC7-FBC6BE8E3F4C}"
EndProject
Global
	GlobalSection(SolutionConfigurationPlatforms) = preSolution
		Debug|Any CPU = Debug|Any CPU
		Release|Any CPU = Release|Any CPU
	EndGlobalSection
	GlobalSection(ProjectConfigurationPlatforms) = postSolution
		{515BC9FA-3394-4083-9CC7-FBC6BE8E3F4C}.Debug|Any CPU.ActiveCfg = Debug|Any CPU
		{515BC9FA-3394-4083-9CC7-FBC6BE8E3F4C}.Debug|Any CPU.Build.0 = Debug|Any CPU
		{515BC9FA-3394-4083-9CC7-FBC6BE8E3F4C}.Release|Any CPU.ActiveCfg = Release|Any CPU
		{515BC9FA-3394-4083-9CC7-FBC6BE8E3F4C}.Release|Any CPU.Build.0 = Release|Any CPU
	EndGlobalSection
	GlobalSection(SolutionProperties) = preSolution
		HideSolutionNode = FALSE
	EndGlobalSection
	GlobalSection(ExtensibilityGlobals) = postSolution
		SolutionGuid = {9182C778-A96C-4601-8388-5F420B917071}
	EndGlobalSection
EndGlobal
